
Microsoft Visual Studio Solution File, Format Version 12.00
# Visual Studio Version 16
VisualStudioVersion = 16.0.30907.101
MinimumVisualStudioVersion = 10.0.40219.1
Project("{FAE04EC0-301F-11D3-BF4B-00C04F79EFBC}") = "PA12-Verifica-DV-CPF", "PA12-Verifica-DV-CPF.csproj", "{AACBCA93-A5FB-40A2-B6BC-AF84F488487B}"
EndProject
Global
	GlobalSection(SolutionConfigurationPlatforms) = preSolution
		Debug|Any CPU = Debug|Any CPU
		Release|Any CPU = Release|Any CPU
	EndGlobalSection
	GlobalSection(ProjectConfigurationPlatforms) = postSolution
		{AACBCA93-A5FB-40A2-B6BC-AF84F488487B}.Debug|Any CPU.ActiveCfg = Debug|Any CPU
		{AACBCA93-A5FB-40A2-B6BC-AF84F488487B}.Debug|Any CPU.Build.0 = Debug|Any CPU
		{AACBCA93-A5FB-40A2-B6BC-AF84F488487B}.Release|Any CPU.ActiveCfg = Release|Any CPU
		{AACBCA93-A5FB-40A2-B6BC-AF84F488487B}.Release|Any CPU.Build.0 = Release|Any CPU
	EndGlobalSection
	GlobalSection(SolutionProperties) = preSolution
		HideSolutionNode = FALSE
	EndGlobalSection
	GlobalSection(ExtensibilityGlobals) = postSolution
		SolutionGuid = {1FF8A967-41E3-43AB-9F07-C3DE6E8B3EE0}
	EndGlobalSection
EndGlobal
