
Microsoft Visual Studio Solution File, Format Version 12.00
# Visual Studio Version 16
VisualStudioVersion = 16.0.30907.101
MinimumVisualStudioVersion = 10.0.40219.1
Project("{FAE04EC0-301F-11D3-BF4B-00C04F79EFBC}") = "InfinityGames", "InfinityGames.csproj", "{3A6DAED0-E4E2-4F86-85A2-5EE51EBCDDBD}"
EndProject
Global
	GlobalSection(SolutionConfigurationPlatforms) = preSolution
		Debug|Any CPU = Debug|Any CPU
		Release|Any CPU = Release|Any CPU
	EndGlobalSection
	GlobalSection(ProjectConfigurationPlatforms) = postSolution
		{3A6DAED0-E4E2-4F86-85A2-5EE51EBCDDBD}.Debug|Any CPU.ActiveCfg = Debug|Any CPU
		{3A6DAED0-E4E2-4F86-85A2-5EE51EBCDDBD}.Debug|Any CPU.Build.0 = Debug|Any CPU
		{3A6DAED0-E4E2-4F86-85A2-5EE51EBCDDBD}.Release|Any CPU.ActiveCfg = Release|Any CPU
		{3A6DAED0-E4E2-4F86-85A2-5EE51EBCDDBD}.Release|Any CPU.Build.0 = Release|Any CPU
	EndGlobalSection
	GlobalSection(SolutionProperties) = preSolution
		HideSolutionNode = FALSE
	EndGlobalSection
	GlobalSection(ExtensibilityGlobals) = postSolution
		SolutionGuid = {707702C3-18CC-4A08-87A3-88D5F2B4AB7A}
	EndGlobalSection
EndGlobal
