
Microsoft Visual Studio Solution File, Format Version 12.00
# Visual Studio Version 16
VisualStudioVersion = 16.0.30907.101
MinimumVisualStudioVersion = 10.0.40219.1
Project("{FAE04EC0-301F-11D3-BF4B-00C04F79EFBC}") = "BlackJack", "BlackJack.csproj", "{6EFCDB15-834C-4BF9-868D-67CB6163766F}"
EndProject
Global
	GlobalSection(SolutionConfigurationPlatforms) = preSolution
		Debug|Any CPU = Debug|Any CPU
		Release|Any CPU = Release|Any CPU
	EndGlobalSection
	GlobalSection(ProjectConfigurationPlatforms) = postSolution
		{6EFCDB15-834C-4BF9-868D-67CB6163766F}.Debug|Any CPU.ActiveCfg = Debug|Any CPU
		{6EFCDB15-834C-4BF9-868D-67CB6163766F}.Debug|Any CPU.Build.0 = Debug|Any CPU
		{6EFCDB15-834C-4BF9-868D-67CB6163766F}.Release|Any CPU.ActiveCfg = Release|Any CPU
		{6EFCDB15-834C-4BF9-868D-67CB6163766F}.Release|Any CPU.Build.0 = Release|Any CPU
	EndGlobalSection
	GlobalSection(SolutionProperties) = preSolution
		HideSolutionNode = FALSE
	EndGlobalSection
	GlobalSection(ExtensibilityGlobals) = postSolution
		SolutionGuid = {123BB347-1EA4-4C49-87F9-29A88732C70D}
	EndGlobalSection
EndGlobal
