
Microsoft Visual Studio Solution File, Format Version 12.00
# Visual Studio Version 16
VisualStudioVersion = 16.0.30907.101
MinimumVisualStudioVersion = 10.0.40219.1
Project("{FAE04EC0-301F-11D3-BF4B-00C04F79EFBC}") = "mediaNotas", "mediaNotas.csproj", "{AF4CC008-23C4-4359-A387-FCB9CF25C344}"
EndProject
Global
	GlobalSection(SolutionConfigurationPlatforms) = preSolution
		Debug|Any CPU = Debug|Any CPU
		Release|Any CPU = Release|Any CPU
	EndGlobalSection
	GlobalSection(ProjectConfigurationPlatforms) = postSolution
		{AF4CC008-23C4-4359-A387-FCB9CF25C344}.Debug|Any CPU.ActiveCfg = Debug|Any CPU
		{AF4CC008-23C4-4359-A387-FCB9CF25C344}.Debug|Any CPU.Build.0 = Debug|Any CPU
		{AF4CC008-23C4-4359-A387-FCB9CF25C344}.Release|Any CPU.ActiveCfg = Release|Any CPU
		{AF4CC008-23C4-4359-A387-FCB9CF25C344}.Release|Any CPU.Build.0 = Release|Any CPU
	EndGlobalSection
	GlobalSection(SolutionProperties) = preSolution
		HideSolutionNode = FALSE
	EndGlobalSection
	GlobalSection(ExtensibilityGlobals) = postSolution
		SolutionGuid = {BEA222E4-33CF-4847-B222-D851572B1241}
	EndGlobalSection
EndGlobal
