
Microsoft Visual Studio Solution File, Format Version 12.00
# Visual Studio Version 16
VisualStudioVersion = 16.0.30907.101
MinimumVisualStudioVersion = 10.0.40219.1
Project("{FAE04EC0-301F-11D3-BF4B-00C04F79EFBC}") = "PA10_MatrizAleatorio", "PA10_MatrizAleatorio.csproj", "{D722E645-A3D3-4308-91F7-AF43AB7A449E}"
EndProject
Global
	GlobalSection(SolutionConfigurationPlatforms) = preSolution
		Debug|Any CPU = Debug|Any CPU
		Release|Any CPU = Release|Any CPU
	EndGlobalSection
	GlobalSection(ProjectConfigurationPlatforms) = postSolution
		{D722E645-A3D3-4308-91F7-AF43AB7A449E}.Debug|Any CPU.ActiveCfg = Debug|Any CPU
		{D722E645-A3D3-4308-91F7-AF43AB7A449E}.Debug|Any CPU.Build.0 = Debug|Any CPU
		{D722E645-A3D3-4308-91F7-AF43AB7A449E}.Release|Any CPU.ActiveCfg = Release|Any CPU
		{D722E645-A3D3-4308-91F7-AF43AB7A449E}.Release|Any CPU.Build.0 = Release|Any CPU
	EndGlobalSection
	GlobalSection(SolutionProperties) = preSolution
		HideSolutionNode = FALSE
	EndGlobalSection
	GlobalSection(ExtensibilityGlobals) = postSolution
		SolutionGuid = {DE0210A1-98B9-4A03-8A55-AAD8F7A8C9BE}
	EndGlobalSection
EndGlobal
